// !$*UTF8*$!
{
	archiveVersion = 1;
	classes = {
	};
	objectVersion = 50;
	objects = {

/* Begin PBXBuildFile section */
		79B3D1B3257839C400CD4F0D /* MathModuleApp.swift in Sources */ = {isa = PBXBuildFile; fileRef = 79B3D1B2257839C400CD4F0D /* MathModuleApp.swift */; };
		79B3D1B7257839C600CD4F0D /* Assets.xcassets in Resources */ = {isa = PBXBuildFile; fileRef = 79B3D1B6257839C600CD4F0D /* Assets.xcassets */; };
		79B3D1BA257839C600CD4F0D /* Preview Assets.xcassets in Resources */ = {isa = PBXBuildFile; fileRef = 79B3D1B9257839C600CD4F0D /* Preview Assets.xcassets */; };
		79B3D1C5257839C600CD4F0D /* MathModuleTests.swift in Sources */ = {isa = PBXBuildFile; fileRef = 79B3D1C4257839C600CD4F0D /* MathModuleTests.swift */; };
		79B3D1D0257839C600CD4F0D /* MathModuleUITests.swift in Sources */ = {isa = PBXBuildFile; fileRef = 79B3D1CF257839C600CD4F0D /* MathModuleUITests.swift */; };
		79B3D1E425783BFD00CD4F0D /* MathSwiftUIView.swift in Sources */ = {isa = PBXBuildFile; fileRef = 79B3D1E325783BFD00CD4F0D /* MathSwiftUIView.swift */; };
		79B3D1F3257840DB00CD4F0D /* OperationView.swift in Sources */ = {isa = PBXBuildFile; fileRef = 79B3D1F2257840DB00CD4F0D /* OperationView.swift */; };
		79B3D1FE2578499900CD4F0D /* MultiplicationView.swift in Sources */ = {isa = PBXBuildFile; fileRef = 79B3D1FA2578499800CD4F0D /* MultiplicationView.swift */; };
		79B3D1FF2578499900CD4F0D /* DivisionView.swift in Sources */ = {isa = PBXBuildFile; fileRef = 79B3D1FB2578499900CD4F0D /* DivisionView.swift */; };
		79B3D2002578499900CD4F0D /* AdditionView.swift in Sources */ = {isa = PBXBuildFile; fileRef = 79B3D1FC2578499900CD4F0D /* AdditionView.swift */; };
		79B3D2012578499900CD4F0D /* SubtractionView.swift in Sources */ = {isa = PBXBuildFile; fileRef = 79B3D1FD2578499900CD4F0D /* SubtractionView.swift */; };
/* End PBXBuildFile section */

/* Begin PBXContainerItemProxy section */
		79B3D1C1257839C600CD4F0D /* PBXContainerItemProxy */ = {
			isa = PBXContainerItemProxy;
			containerPortal = 79B3D1A7257839C400CD4F0D /* Project object */;
			proxyType = 1;
			remoteGlobalIDString = 79B3D1AE257839C400CD4F0D;
			remoteInfo = MathModule;
		};
		79B3D1CC257839C600CD4F0D /* PBXContainerItemProxy */ = {
			isa = PBXContainerItemProxy;
			containerPortal = 79B3D1A7257839C400CD4F0D /* Project object */;
			proxyType = 1;
			remoteGlobalIDString = 79B3D1AE257839C400CD4F0D;
			remoteInfo = MathModule;
		};
/* End PBXContainerItemProxy section */

/* Begin PBXFileReference section */
		79B3D1AF257839C400CD4F0D /* MathModule.app */ = {isa = PBXFileReference; explicitFileType = wrapper.application; includeInIndex = 0; path = MathModule.app; sourceTree = BUILT_PRODUCTS_DIR; };
		79B3D1B2257839C400CD4F0D /* MathModuleApp.swift */ = {isa = PBXFileReference; lastKnownFileType = sourcecode.swift; path = MathModuleApp.swift; sourceTree = "<group>"; };
		79B3D1B6257839C600CD4F0D /* Assets.xcassets */ = {isa = PBXFileReference; lastKnownFileType = folder.assetcatalog; path = Assets.xcassets; sourceTree = "<group>"; };
		79B3D1B9257839C600CD4F0D /* Preview Assets.xcassets */ = {isa = PBXFileReference; lastKnownFileType = folder.assetcatalog; path = "Preview Assets.xcassets"; sourceTree = "<group>"; };
		79B3D1BB257839C600CD4F0D /* Info.plist */ = {isa = PBXFileReference; lastKnownFileType = text.plist.xml; path = Info.plist; sourceTree = "<group>"; };
		79B3D1C0257839C600CD4F0D /* MathModuleTests.xctest */ = {isa = PBXFileReference; explicitFileType = wrapper.cfbundle; includeInIndex = 0; path = MathModuleTests.xctest; sourceTree = BUILT_PRODUCTS_DIR; };
		79B3D1C4257839C600CD4F0D /* MathModuleTests.swift */ = {isa = PBXFileReference; lastKnownFileType = sourcecode.swift; path = MathModuleTests.swift; sourceTree = "<group>"; };
		79B3D1C6257839C600CD4F0D /* Info.plist */ = {isa = PBXFileReference; lastKnownFileType = text.plist.xml; path = Info.plist; sourceTree = "<group>"; };
		79B3D1CB257839C600CD4F0D /* MathModuleUITests.xctest */ = {isa = PBXFileReference; explicitFileType = wrapper.cfbundle; includeInIndex = 0; path = MathModuleUITests.xctest; sourceTree = BUILT_PRODUCTS_DIR; };
		79B3D1CF257839C600CD4F0D /* MathModuleUITests.swift */ = {isa = PBXFileReference; lastKnownFileType = sourcecode.swift; path = MathModuleUITests.swift; sourceTree = "<group>"; };
		79B3D1D1257839C600CD4F0D /* Info.plist */ = {isa = PBXFileReference; lastKnownFileType = text.plist.xml; path = Info.plist; sourceTree = "<group>"; };
		79B3D1E325783BFD00CD4F0D /* MathSwiftUIView.swift */ = {isa = PBXFileReference; lastKnownFileType = sourcecode.swift; path = MathSwiftUIView.swift; sourceTree = "<group>"; };
		79B3D1F2257840DB00CD4F0D /* OperationView.swift */ = {isa = PBXFileReference; lastKnownFileType = sourcecode.swift; path = OperationView.swift; sourceTree = "<group>"; };
		79B3D1FA2578499800CD4F0D /* MultiplicationView.swift */ = {isa = PBXFileReference; fileEncoding = 4; lastKnownFileType = sourcecode.swift; path = MultiplicationView.swift; sourceTree = "<group>"; };
		79B3D1FB2578499900CD4F0D /* DivisionView.swift */ = {isa = PBXFileReference; fileEncoding = 4; lastKnownFileType = sourcecode.swift; path = DivisionView.swift; sourceTree = "<group>"; };
		79B3D1FC2578499900CD4F0D /* AdditionView.swift */ = {isa = PBXFileReference; fileEncoding = 4; lastKnownFileType = sourcecode.swift; path = AdditionView.swift; sourceTree = "<group>"; };
		79B3D1FD2578499900CD4F0D /* SubtractionView.swift */ = {isa = PBXFileReference; fileEncoding = 4; lastKnownFileType = sourcecode.swift; path = SubtractionView.swift; sourceTree = "<group>"; };
/* End PBXFileReference section */

/* Begin PBXFrameworksBuildPhase section */
		79B3D1AC257839C400CD4F0D /* Frameworks */ = {
			isa = PBXFrameworksBuildPhase;
			buildActionMask = 2147483647;
			files = (
			);
			runOnlyForDeploymentPostprocessing = 0;
		};
		79B3D1BD257839C600CD4F0D /* Frameworks */ = {
			isa = PBXFrameworksBuildPhase;
			buildActionMask = 2147483647;
			files = (
			);
			runOnlyForDeploymentPostprocessing = 0;
		};
		79B3D1C8257839C600CD4F0D /* Frameworks */ = {
			isa = PBXFrameworksBuildPhase;
			buildActionMask = 2147483647;
			files = (
			);
			runOnlyForDeploymentPostprocessing = 0;
		};
/* End PBXFrameworksBuildPhase section */

/* Begin PBXGroup section */
		79B3D1A6257839C400CD4F0D = {
			isa = PBXGroup;
			children = (
				79B3D1B1257839C400CD4F0D /* MathModule */,
				79B3D1C3257839C600CD4F0D /* MathModuleTests */,
				79B3D1CE257839C600CD4F0D /* MathModuleUITests */,
				79B3D1B0257839C400CD4F0D /* Products */,
			);
			sourceTree = "<group>";
		};
		79B3D1B0257839C400CD4F0D /* Products */ = {
			isa = PBXGroup;
			children = (
				79B3D1AF257839C400CD4F0D /* MathModule.app */,
				79B3D1C0257839C600CD4F0D /* MathModuleTests.xctest */,
				79B3D1CB257839C600CD4F0D /* MathModuleUITests.xctest */,
			);
			name = Products;
			sourceTree = "<group>";
		};
		79B3D1B1257839C400CD4F0D /* MathModule */ = {
			isa = PBXGroup;
			children = (
				79B3D1F125783CBD00CD4F0D /* Models */,
				79B3D1EB25783C8F00CD4F0D /* Views */,
				79B3D1F025783CAE00CD4F0D /* View Models */,
				79B3D1B6257839C600CD4F0D /* Assets.xcassets */,
				79B3D1BB257839C600CD4F0D /* Info.plist */,
				79B3D1B2257839C400CD4F0D /* MathModuleApp.swift */,
				79B3D1B8257839C600CD4F0D /* Preview Content */,
			);
			path = MathModule;
			sourceTree = "<group>";
		};
		79B3D1B8257839C600CD4F0D /* Preview Content */ = {
			isa = PBXGroup;
			children = (
				79B3D1B9257839C600CD4F0D /* Preview Assets.xcassets */,
			);
			path = "Preview Content";
			sourceTree = "<group>";
		};
		79B3D1C3257839C600CD4F0D /* MathModuleTests */ = {
			isa = PBXGroup;
			children = (
				79B3D1C4257839C600CD4F0D /* MathModuleTests.swift */,
				79B3D1C6257839C600CD4F0D /* Info.plist */,
			);
			path = MathModuleTests;
			sourceTree = "<group>";
		};
		79B3D1CE257839C600CD4F0D /* MathModuleUITests */ = {
			isa = PBXGroup;
			children = (
				79B3D1CF257839C600CD4F0D /* MathModuleUITests.swift */,
				79B3D1D1257839C600CD4F0D /* Info.plist */,
			);
			path = MathModuleUITests;
			sourceTree = "<group>";
		};
		79B3D1EB25783C8F00CD4F0D /* Views */ = {
			isa = PBXGroup;
			children = (
				79B3D1E325783BFD00CD4F0D /* MathSwiftUIView.swift */,
				79B3D1FC2578499900CD4F0D /* AdditionView.swift */,
				79B3D1FB2578499900CD4F0D /* DivisionView.swift */,
				79B3D1FA2578499800CD4F0D /* MultiplicationView.swift */,
				79B3D1FD2578499900CD4F0D /* SubtractionView.swift */,
			);
			path = Views;
			sourceTree = "<group>";
		};
		79B3D1F025783CAE00CD4F0D /* View Models */ = {
			isa = PBXGroup;
			children = (
			);
			path = "View Models";
			sourceTree = "<group>";
		};
		79B3D1F125783CBD00CD4F0D /* Models */ = {
			isa = PBXGroup;
			children = (
				79B3D1F2257840DB00CD4F0D /* OperationView.swift */,
			);
			path = Models;
			sourceTree = "<group>";
		};
/* End PBXGroup section */

/* Begin PBXNativeTarget section */
		79B3D1AE257839C400CD4F0D /* MathModule */ = {
			isa = PBXNativeTarget;
			buildConfigurationList = 79B3D1D4257839C600CD4F0D /* Build configuration list for PBXNativeTarget "MathModule" */;
			buildPhases = (
				79B3D1AB257839C400CD4F0D /* Sources */,
				79B3D1AC257839C400CD4F0D /* Frameworks */,
				79B3D1AD257839C400CD4F0D /* Resources */,
			);
			buildRules = (
			);
			dependencies = (
			);
			name = MathModule;
			productName = MathModule;
			productReference = 79B3D1AF257839C400CD4F0D /* MathModule.app */;
			productType = "com.apple.product-type.application";
		};
		79B3D1BF257839C600CD4F0D /* MathModuleTests */ = {
			isa = PBXNativeTarget;
			buildConfigurationList = 79B3D1D7257839C600CD4F0D /* Build configuration list for PBXNativeTarget "MathModuleTests" */;
			buildPhases = (
				79B3D1BC257839C600CD4F0D /* Sources */,
				79B3D1BD257839C600CD4F0D /* Frameworks */,
				79B3D1BE257839C600CD4F0D /* Resources */,
			);
			buildRules = (
			);
			dependencies = (
				79B3D1C2257839C600CD4F0D /* PBXTargetDependency */,
			);
			name = MathModuleTests;
			productName = MathModuleTests;
			productReference = 79B3D1C0257839C600CD4F0D /* MathModuleTests.xctest */;
			productType = "com.apple.product-type.bundle.unit-test";
		};
		79B3D1CA257839C600CD4F0D /* MathModuleUITests */ = {
			isa = PBXNativeTarget;
			buildConfigurationList = 79B3D1DA257839C600CD4F0D /* Build configuration list for PBXNativeTarget "MathModuleUITests" */;
			buildPhases = (
				79B3D1C7257839C600CD4F0D /* Sources */,
				79B3D1C8257839C600CD4F0D /* Frameworks */,
				79B3D1C9257839C600CD4F0D /* Resources */,
			);
			buildRules = (
			);
			dependencies = (
				79B3D1CD257839C600CD4F0D /* PBXTargetDependency */,
			);
			name = MathModuleUITests;
			productName = MathModuleUITests;
			productReference = 79B3D1CB257839C600CD4F0D /* MathModuleUITests.xctest */;
			productType = "com.apple.product-type.bundle.ui-testing";
		};
/* End PBXNativeTarget section */

/* Begin PBXProject section */
		79B3D1A7257839C400CD4F0D /* Project object */ = {
			isa = PBXProject;
			attributes = {
				LastSwiftUpdateCheck = 1220;
				LastUpgradeCheck = 1220;
				TargetAttributes = {
					79B3D1AE257839C400CD4F0D = {
						CreatedOnToolsVersion = 12.2;
					};
					79B3D1BF257839C600CD4F0D = {
						CreatedOnToolsVersion = 12.2;
						TestTargetID = 79B3D1AE257839C400CD4F0D;
					};
					79B3D1CA257839C600CD4F0D = {
						CreatedOnToolsVersion = 12.2;
						TestTargetID = 79B3D1AE257839C400CD4F0D;
					};
				};
			};
			buildConfigurationList = 79B3D1AA257839C400CD4F0D /* Build configuration list for PBXProject "MathModule" */;
			compatibilityVersion = "Xcode 9.3";
			developmentRegion = en;
			hasScannedForEncodings = 0;
			knownRegions = (
				en,
				Base,
			);
			mainGroup = 79B3D1A6257839C400CD4F0D;
			productRefGroup = 79B3D1B0257839C400CD4F0D /* Products */;
			projectDirPath = "";
			projectRoot = "";
			targets = (
				79B3D1AE257839C400CD4F0D /* MathModule */,
				79B3D1BF257839C600CD4F0D /* MathModuleTests */,
				79B3D1CA257839C600CD4F0D /* MathModuleUITests */,
			);
		};
/* End PBXProject section */

/* Begin PBXResourcesBuildPhase section */
		79B3D1AD257839C400CD4F0D /* Resources */ = {
			isa = PBXResourcesBuildPhase;
			buildActionMask = 2147483647;
			files = (
				79B3D1BA257839C600CD4F0D /* Preview Assets.xcassets in Resources */,
				79B3D1B7257839C600CD4F0D /* Assets.xcassets in Resources */,
			);
			runOnlyForDeploymentPostprocessing = 0;
		};
		79B3D1BE257839C600CD4F0D /* Resources */ = {
			isa = PBXResourcesBuildPhase;
			buildActionMask = 2147483647;
			files = (
			);
			runOnlyForDeploymentPostprocessing = 0;
		};
		79B3D1C9257839C600CD4F0D /* Resources */ = {
			isa = PBXResourcesBuildPhase;
			buildActionMask = 2147483647;
			files = (
			);
			runOnlyForDeploymentPostprocessing = 0;
		};
/* End PBXResourcesBuildPhase section */

/* Begin PBXSourcesBuildPhase section */
		79B3D1AB257839C400CD4F0D /* Sources */ = {
			isa = PBXSourcesBuildPhase;
			buildActionMask = 2147483647;
			files = (
				79B3D1FE2578499900CD4F0D /* MultiplicationView.swift in Sources */,
				79B3D1F3257840DB00CD4F0D /* OperationView.swift in Sources */,
				79B3D2002578499900CD4F0D /* AdditionView.swift in Sources */,
				79B3D1B3257839C400CD4F0D /* MathModuleApp.swift in Sources */,
				79B3D1E425783BFD00CD4F0D /* MathSwiftUIView.swift in Sources */,
				79B3D2012578499900CD4F0D /* SubtractionView.swift in Sources */,
				79B3D1FF2578499900CD4F0D /* DivisionView.swift in Sources */,
			);
			runOnlyForDeploymentPostprocessing = 0;
		};
		79B3D1BC257839C600CD4F0D /* Sources */ = {
			isa = PBXSourcesBuildPhase;
			buildActionMask = 2147483647;
			files = (
				79B3D1C5257839C600CD4F0D /* MathModuleTests.swift in Sources */,
			);
			runOnlyForDeploymentPostprocessing = 0;
		};
		79B3D1C7257839C600CD4F0D /* Sources */ = {
			isa = PBXSourcesBuildPhase;
			buildActionMask = 2147483647;
			files = (
				79B3D1D0257839C600CD4F0D /* MathModuleUITests.swift in Sources */,
			);
			runOnlyForDeploymentPostprocessing = 0;
		};
/* End PBXSourcesBuildPhase section */

/* Begin PBXTargetDependency section */
		79B3D1C2257839C600CD4F0D /* PBXTargetDependency */ = {
			isa = PBXTargetDependency;
			target = 79B3D1AE257839C400CD4F0D /* MathModule */;
			targetProxy = 79B3D1C1257839C600CD4F0D /* PBXContainerItemProxy */;
		};
		79B3D1CD257839C600CD4F0D /* PBXTargetDependency */ = {
			isa = PBXTargetDependency;
			target = 79B3D1AE257839C400CD4F0D /* MathModule */;
			targetProxy = 79B3D1CC257839C600CD4F0D /* PBXContainerItemProxy */;
		};
/* End PBXTargetDependency section */

/* Begin XCBuildConfiguration section */
		79B3D1D2257839C600CD4F0D /* Debug */ = {
			isa = XCBuildConfiguration;
			buildSettings = {
				ALWAYS_SEARCH_USER_PATHS = NO;
				CLANG_ANALYZER_NONNULL = YES;
				CLANG_ANALYZER_NUMBER_OBJECT_CONVERSION = YES_AGGRESSIVE;
				CLANG_CXX_LANGUAGE_STANDARD = "gnu++14";
				CLANG_CXX_LIBRARY = "libc++";
				CLANG_ENABLE_MODULES = YES;
				CLANG_ENABLE_OBJC_ARC = YES;
				CLANG_ENABLE_OBJC_WEAK = YES;
				CLANG_WARN_BLOCK_CAPTURE_AUTORELEASING = YES;
				CLANG_WARN_BOOL_CONVERSION = YES;
				CLANG_WARN_COMMA = YES;
				CLANG_WARN_CONSTANT_CONVERSION = YES;
				CLANG_WARN_DEPRECATED_OBJC_IMPLEMENTATIONS = YES;
				CLANG_WARN_DIRECT_OBJC_ISA_USAGE = YES_ERROR;
				CLANG_WARN_DOCUMENTATION_COMMENTS = YES;
				CLANG_WARN_EMPTY_BODY = YES;
				CLANG_WARN_ENUM_CONVERSION = YES;
				CLANG_WARN_INFINITE_RECURSION = YES;
				CLANG_WARN_INT_CONVERSION = YES;
				CLANG_WARN_NON_LITERAL_NULL_CONVERSION = YES;
				CLANG_WARN_OBJC_IMPLICIT_RETAIN_SELF = YES;
				CLANG_WARN_OBJC_LITERAL_CONVERSION = YES;
				CLANG_WARN_OBJC_ROOT_CLASS = YES_ERROR;
				CLANG_WARN_QUOTED_INCLUDE_IN_FRAMEWORK_HEADER = YES;
				CLANG_WARN_RANGE_LOOP_ANALYSIS = YES;
				CLANG_WARN_STRICT_PROTOTYPES = YES;
				CLANG_WARN_SUSPICIOUS_MOVE = YES;
				CLANG_WARN_UNGUARDED_AVAILABILITY = YES_AGGRESSIVE;
				CLANG_WARN_UNREACHABLE_CODE = YES;
				CLANG_WARN__DUPLICATE_METHOD_MATCH = YES;
				COPY_PHASE_STRIP = NO;
				DEBUG_INFORMATION_FORMAT = dwarf;
				ENABLE_STRICT_OBJC_MSGSEND = YES;
				ENABLE_TESTABILITY = YES;
				GCC_C_LANGUAGE_STANDARD = gnu11;
				GCC_DYNAMIC_NO_PIC = NO;
				GCC_NO_COMMON_BLOCKS = YES;
				GCC_OPTIMIZATION_LEVEL = 0;
				GCC_PREPROCESSOR_DEFINITIONS = (
					"DEBUG=1",
					"$(inherited)",
				);
				GCC_WARN_64_TO_32_BIT_CONVERSION = YES;
				GCC_WARN_ABOUT_RETURN_TYPE = YES_ERROR;
				GCC_WARN_UNDECLARED_SELECTOR = YES;
				GCC_WARN_UNINITIALIZED_AUTOS = YES_AGGRESSIVE;
				GCC_WARN_UNUSED_FUNCTION = YES;
				GCC_WARN_UNUSED_VARIABLE = YES;
				IPHONEOS_DEPLOYMENT_TARGET = 14.2;
				MTL_ENABLE_DEBUG_INFO = INCLUDE_SOURCE;
				MTL_FAST_MATH = YES;
				ONLY_ACTIVE_ARCH = YES;
				SDKROOT = iphoneos;
				SWIFT_ACTIVE_COMPILATION_CONDITIONS = DEBUG;
				SWIFT_OPTIMIZATION_LEVEL = "-Onone";
			};
			name = Debug;
		};
		79B3D1D3257839C600CD4F0D /* Release */ = {
			isa = XCBuildConfiguration;
			buildSettings = {
				ALWAYS_SEARCH_USER_PATHS = NO;
				CLANG_ANALYZER_NONNULL = YES;
				CLANG_ANALYZER_NUMBER_OBJECT_CONVERSION = YES_AGGRESSIVE;
				CLANG_CXX_LANGUAGE_STANDARD = "gnu++14";
				CLANG_CXX_LIBRARY = "libc++";
				CLANG_ENABLE_MODULES = YES;
				CLANG_ENABLE_OBJC_ARC = YES;
				CLANG_ENABLE_OBJC_WEAK = YES;
				CLANG_WARN_BLOCK_CAPTURE_AUTORELEASING = YES;
				CLANG_WARN_BOOL_CONVERSION = YES;
				CLANG_WARN_COMMA = YES;
				CLANG_WARN_CONSTANT_CONVERSION = YES;
				CLANG_WARN_DEPRECATED_OBJC_IMPLEMENTATIONS = YES;
				CLANG_WARN_DIRECT_OBJC_ISA_USAGE = YES_ERROR;
				CLANG_WARN_DOCUMENTATION_COMMENTS = YES;
				CLANG_WARN_EMPTY_BODY = YES;
				CLANG_WARN_ENUM_CONVERSION = YES;
				CLANG_WARN_INFINITE_RECURSION = YES;
				CLANG_WARN_INT_CONVERSION = YES;
				CLANG_WARN_NON_LITERAL_NULL_CONVERSION = YES;
				CLANG_WARN_OBJC_IMPLICIT_RETAIN_SELF = YES;
				CLANG_WARN_OBJC_LITERAL_CONVERSION = YES;
				CLANG_WARN_OBJC_ROOT_CLASS = YES_ERROR;
				CLANG_WARN_QUOTED_INCLUDE_IN_FRAMEWORK_HEADER = YES;
				CLANG_WARN_RANGE_LOOP_ANALYSIS = YES;
				CLANG_WARN_STRICT_PROTOTYPES = YES;
				CLANG_WARN_SUSPICIOUS_MOVE = YES;
				CLANG_WARN_UNGUARDED_AVAILABILITY = YES_AGGRESSIVE;
				CLANG_WARN_UNREACHABLE_CODE = YES;
				CLANG_WARN__DUPLICATE_METHOD_MATCH = YES;
				COPY_PHASE_STRIP = NO;
				DEBUG_INFORMATION_FORMAT = "dwarf-with-dsym";
				ENABLE_NS_ASSERTIONS = NO;
				ENABLE_STRICT_OBJC_MSGSEND = YES;
				GCC_C_LANGUAGE_STANDARD = gnu11;
				GCC_NO_COMMON_BLOCKS = YES;
				GCC_WARN_64_TO_32_BIT_CONVERSION = YES;
				GCC_WARN_ABOUT_RETURN_TYPE = YES_ERROR;
				GCC_WARN_UNDECLARED_SELECTOR = YES;
				GCC_WARN_UNINITIALIZED_AUTOS = YES_AGGRESSIVE;
				GCC_WARN_UNUSED_FUNCTION = YES;
				GCC_WARN_UNUSED_VARIABLE = YES;
				IPHONEOS_DEPLOYMENT_TARGET = 14.2;
				MTL_ENABLE_DEBUG_INFO = NO;
				MTL_FAST_MATH = YES;
				SDKROOT = iphoneos;
				SWIFT_COMPILATION_MODE = wholemodule;
				SWIFT_OPTIMIZATION_LEVEL = "-O";
				VALIDATE_PRODUCT = YES;
			};
			name = Release;
		};
		79B3D1D5257839C600CD4F0D /* Debug */ = {
			isa = XCBuildConfiguration;
			buildSettings = {
				ASSETCATALOG_COMPILER_APPICON_NAME = AppIcon;
				ASSETCATALOG_COMPILER_GLOBAL_ACCENT_COLOR_NAME = AccentColor;
				CODE_SIGN_STYLE = Automatic;
				DEVELOPMENT_ASSET_PATHS = "\"MathModule/Preview Content\"";
				DEVELOPMENT_TEAM = TZD57UD8UQ;
				ENABLE_PREVIEWS = YES;
				INFOPLIST_FILE = MathModule/Info.plist;
				IPHONEOS_DEPLOYMENT_TARGET = 14.0;
				LD_RUNPATH_SEARCH_PATHS = (
					"$(inherited)",
					"@executable_path/Frameworks",
				);
				PRODUCT_BUNDLE_IDENTIFIER = com.jasonrueckert.MathModule;
				PRODUCT_NAME = "$(TARGET_NAME)";
				SWIFT_VERSION = 5.0;
				TARGETED_DEVICE_FAMILY = "1,2";
			};
			name = Debug;
		};
		79B3D1D6257839C600CD4F0D /* Release */ = {
			isa = XCBuildConfiguration;
			buildSettings = {
				ASSETCATALOG_COMPILER_APPICON_NAME = AppIcon;
				ASSETCATALOG_COMPILER_GLOBAL_ACCENT_COLOR_NAME = AccentColor;
				CODE_SIGN_STYLE = Automatic;
				DEVELOPMENT_ASSET_PATHS = "\"MathModule/Preview Content\"";
				DEVELOPMENT_TEAM = TZD57UD8UQ;
				ENABLE_PREVIEWS = YES;
				INFOPLIST_FILE = MathModule/Info.plist;
				IPHONEOS_DEPLOYMENT_TARGET = 14.0;
				LD_RUNPATH_SEARCH_PATHS = (
					"$(inherited)",
					"@executable_path/Frameworks",
				);
				PRODUCT_BUNDLE_IDENTIFIER = com.jasonrueckert.MathModule;
				PRODUCT_NAME = "$(TARGET_NAME)";
				SWIFT_VERSION = 5.0;
				TARGETED_DEVICE_FAMILY = "1,2";
			};
			name = Release;
		};
		79B3D1D8257839C600CD4F0D /* Debug */ = {
			isa = XCBuildConfiguration;
			buildSettings = {
				ALWAYS_EMBED_SWIFT_STANDARD_LIBRARIES = YES;
				BUNDLE_LOADER = "$(TEST_HOST)";
				CODE_SIGN_STYLE = Automatic;
				DEVELOPMENT_TEAM = TZD57UD8UQ;
				INFOPLIST_FILE = MathModuleTests/Info.plist;
				IPHONEOS_DEPLOYMENT_TARGET = 14.0;
				LD_RUNPATH_SEARCH_PATHS = (
					"$(inherited)",
					"@executable_path/Frameworks",
					"@loader_path/Frameworks",
				);
				PRODUCT_BUNDLE_IDENTIFIER = com.jasonrueckert.MathModuleTests;
				PRODUCT_NAME = "$(TARGET_NAME)";
				SWIFT_VERSION = 5.0;
				TARGETED_DEVICE_FAMILY = "1,2";
				TEST_HOST = "$(BUILT_PRODUCTS_DIR)/MathModule.app/MathModule";
			};
			name = Debug;
		};
		79B3D1D9257839C600CD4F0D /* Release */ = {
			isa = XCBuildConfiguration;
			buildSettings = {
				ALWAYS_EMBED_SWIFT_STANDARD_LIBRARIES = YES;
				BUNDLE_LOADER = "$(TEST_HOST)";
				CODE_SIGN_STYLE = Automatic;
				DEVELOPMENT_TEAM = TZD57UD8UQ;
				INFOPLIST_FILE = MathModuleTests/Info.plist;
				IPHONEOS_DEPLOYMENT_TARGET = 14.0;
				LD_RUNPATH_SEARCH_PATHS = (
					"$(inherited)",
					"@executable_path/Frameworks",
					"@loader_path/Frameworks",
				);
				PRODUCT_BUNDLE_IDENTIFIER = com.jasonrueckert.MathModuleTests;
				PRODUCT_NAME = "$(TARGET_NAME)";
				SWIFT_VERSION = 5.0;
				TARGETED_DEVICE_FAMILY = "1,2";
				TEST_HOST = "$(BUILT_PRODUCTS_DIR)/MathModule.app/MathModule";
			};
			name = Release;
		};
		79B3D1DB257839C600CD4F0D /* Debug */ = {
			isa = XCBuildConfiguration;
			buildSettings = {
				ALWAYS_EMBED_SWIFT_STANDARD_LIBRARIES = YES;
				CODE_SIGN_STYLE = Automatic;
				DEVELOPMENT_TEAM = TZD57UD8UQ;
				INFOPLIST_FILE = MathModuleUITests/Info.plist;
				LD_RUNPATH_SEARCH_PATHS = (
					"$(inherited)",
					"@executable_path/Frameworks",
					"@loader_path/Frameworks",
				);
				PRODUCT_BUNDLE_IDENTIFIER = com.jasonrueckert.MathModuleUITests;
				PRODUCT_NAME = "$(TARGET_NAME)";
				SWIFT_VERSION = 5.0;
				TARGETED_DEVICE_FAMILY = "1,2";
				TEST_TARGET_NAME = MathModule;
			};
			name = Debug;
		};
		79B3D1DC257839C600CD4F0D /* Release */ = {
			isa = XCBuildConfiguration;
			buildSettings = {
				ALWAYS_EMBED_SWIFT_STANDARD_LIBRARIES = YES;
				CODE_SIGN_STYLE = Automatic;
				DEVELOPMENT_TEAM = TZD57UD8UQ;
				INFOPLIST_FILE = MathModuleUITests/Info.plist;
				LD_RUNPATH_SEARCH_PATHS = (
					"$(inherited)",
					"@executable_path/Frameworks",
					"@loader_path/Frameworks",
				);
				PRODUCT_BUNDLE_IDENTIFIER = com.jasonrueckert.MathModuleUITests;
				PRODUCT_NAME = "$(TARGET_NAME)";
				SWIFT_VERSION = 5.0;
				TARGETED_DEVICE_FAMILY = "1,2";
				TEST_TARGET_NAME = MathModule;
			};
			name = Release;
		};
/* End XCBuildConfiguration section */

/* Begin XCConfigurationList section */
		79B3D1AA257839C400CD4F0D /* Build configuration list for PBXProject "MathModule" */ = {
			isa = XCConfigurationList;
			buildConfigurations = (
				79B3D1D2257839C600CD4F0D /* Debug */,
				79B3D1D3257839C600CD4F0D /* Release */,
			);
			defaultConfigurationIsVisible = 0;
			defaultConfigurationName = Release;
		};
		79B3D1D4257839C600CD4F0D /* Build configuration list for PBXNativeTarget "MathModule" */ = {
			isa = XCConfigurationList;
			buildConfigurations = (
				79B3D1D5257839C600CD4F0D /* Debug */,
				79B3D1D6257839C600CD4F0D /* Release */,
			);
			defaultConfigurationIsVisible = 0;
			defaultConfigurationName = Release;
		};
		79B3D1D7257839C600CD4F0D /* Build configuration list for PBXNativeTarget "MathModuleTests" */ = {
			isa = XCConfigurationList;
			buildConfigurations = (
				79B3D1D8257839C600CD4F0D /* Debug */,
				79B3D1D9257839C600CD4F0D /* Release */,
			);
			defaultConfigurationIsVisible = 0;
			defaultConfigurationName = Release;
		};
		79B3D1DA257839C600CD4F0D /* Build configuration list for PBXNativeTarget "MathModuleUITests" */ = {
			isa = XCConfigurationList;
			buildConfigurations = (
				79B3D1DB257839C600CD4F0D /* Debug */,
				79B3D1DC257839C600CD4F0D /* Release */,
			);
			defaultConfigurationIsVisible = 0;
			defaultConfigurationName = Release;
		};
/* End XCConfigurationList section */
	};
	rootObject = 79B3D1A7257839C400CD4F0D /* Project object */;
}
